
Microsoft Visual Studio Solution File, Format Version 12.00
# Visual Studio Version 17
VisualStudioVersion = 17.6.33626.354
MinimumVisualStudioVersion = 10.0.40219.1
Project("{6EC3EE1D-3C4E-46DD-8F32-0CC8E7565705}") = "AvaloniaFSharpAot", "AvaloniaFSharpAot\AvaloniaFSharpAot.fsproj", "{B8176A23-DC71-410E-A6F7-82F4EC2F292E}"
EndProject
Project("{FAE04EC0-301F-11D3-BF4B-00C04F79EFBC}") = "WinFormsAot", "WinFormsAot\WinFormsAot.csproj", "{3AAEAE7E-C9C4-4B52-BCF0-3F4552674152}"
EndProject
Global
	GlobalSection(SolutionConfigurationPlatforms) = preSolution
		Debug|Any CPU = Debug|Any CPU
		Release|Any CPU = Release|Any CPU
	EndGlobalSection
	GlobalSection(ProjectConfigurationPlatforms) = postSolution
		{B8176A23-DC71-410E-A6F7-82F4EC2F292E}.Debug|Any CPU.ActiveCfg = Debug|Any CPU
		{B8176A23-DC71-410E-A6F7-82F4EC2F292E}.Debug|Any CPU.Build.0 = Debug|Any CPU
		{B8176A23-DC71-410E-A6F7-82F4EC2F292E}.Release|Any CPU.ActiveCfg = Release|Any CPU
		{B8176A23-DC71-410E-A6F7-82F4EC2F292E}.Release|Any CPU.Build.0 = Release|Any CPU
		{3AAEAE7E-C9C4-4B52-BCF0-3F4552674152}.Debug|Any CPU.ActiveCfg = Debug|Any CPU
		{3AAEAE7E-C9C4-4B52-BCF0-3F4552674152}.Debug|Any CPU.Build.0 = Debug|Any CPU
		{3AAEAE7E-C9C4-4B52-BCF0-3F4552674152}.Release|Any CPU.ActiveCfg = Release|Any CPU
		{3AAEAE7E-C9C4-4B52-BCF0-3F4552674152}.Release|Any CPU.Build.0 = Release|Any CPU
	EndGlobalSection
	GlobalSection(SolutionProperties) = preSolution
		HideSolutionNode = FALSE
	EndGlobalSection
	GlobalSection(ExtensibilityGlobals) = postSolution
		SolutionGuid = {D7BA7723-88DE-4E24-90F7-E6594CD9E5B1}
	EndGlobalSection
EndGlobal
